
Microsoft Visual Studio Solution File, Format Version 12.00
# Visual Studio Version 16
VisualStudioVersion = 16.0.29006.145
MinimumVisualStudioVersion = 10.0.40219.1
Project("{FAE04EC0-301F-11D3-BF4B-00C04F79EFBC}") = "MouseVerse", "MouseVerse.csproj", "{8ECE8740-9EB1-4946-A4BC-8BA92C62F905}"
EndProject
Global
	GlobalSection(SolutionConfigurationPlatforms) = preSolution
		Debug|Any CPU = Debug|Any CPU
		Release|Any CPU = Release|Any CPU
	EndGlobalSection
	GlobalSection(ProjectConfigurationPlatforms) = postSolution
		{8ECE8740-9EB1-4946-A4BC-8BA92C62F905}.Debug|Any CPU.ActiveCfg = Debug|Any CPU
		{8ECE8740-9EB1-4946-A4BC-8BA92C62F905}.Debug|Any CPU.Build.0 = Debug|Any CPU
		{8ECE8740-9EB1-4946-A4BC-8BA92C62F905}.Release|Any CPU.ActiveCfg = Release|Any CPU
		{8ECE8740-9EB1-4946-A4BC-8BA92C62F905}.Release|Any CPU.Build.0 = Release|Any CPU
	EndGlobalSection
	GlobalSection(SolutionProperties) = preSolution
		HideSolutionNode = FALSE
	EndGlobalSection
	GlobalSection(ExtensibilityGlobals) = postSolution
		SolutionGuid = {605E5B01-6508-409F-AA28-4F4C4B7BD48F}
	EndGlobalSection
EndGlobal
